// !$*UTF8*$!
{
	archiveVersion = 1;
	classes = {
	};
	objectVersion = 48;
	objects = {

/* Begin PBXBuildFile section */
		72BE51C7206FD6C700D1BB93 /* CameraPresenter.swift in Sources */ = {isa = PBXBuildFile; fileRef = 72BE51C1206FD6C700D1BB93 /* CameraPresenter.swift */; };
		72BE51C8206FD6C700D1BB93 /* CameraWorker.swift in Sources */ = {isa = PBXBuildFile; fileRef = 72BE51C2206FD6C700D1BB93 /* CameraWorker.swift */; };
		72BE51C9206FD6C700D1BB93 /* CameraRouter.swift in Sources */ = {isa = PBXBuildFile; fileRef = 72BE51C3206FD6C700D1BB93 /* CameraRouter.swift */; };
		72BE51CA206FD6C700D1BB93 /* CameraModels.swift in Sources */ = {isa = PBXBuildFile; fileRef = 72BE51C4206FD6C700D1BB93 /* CameraModels.swift */; };
		72BE51CB206FD6C700D1BB93 /* CameraViewController.swift in Sources */ = {isa = PBXBuildFile; fileRef = 72BE51C5206FD6C700D1BB93 /* CameraViewController.swift */; };
		72BE51CC206FD6C700D1BB93 /* CameraInteractor.swift in Sources */ = {isa = PBXBuildFile; fileRef = 72BE51C6206FD6C700D1BB93 /* CameraInteractor.swift */; };
		72BE51D0206FD79A00D1BB93 /* CameraConfigurator.swift in Sources */ = {isa = PBXBuildFile; fileRef = 72BE51CF206FD79A00D1BB93 /* CameraConfigurator.swift */; };
		72BE51D3206FDBE000D1BB93 /* UIViewController.swift in Sources */ = {isa = PBXBuildFile; fileRef = 72BE51D2206FDBE000D1BB93 /* UIViewController.swift */; };
		72BE51D6206FE4B400D1BB93 /* ShowPreviewWorker.swift in Sources */ = {isa = PBXBuildFile; fileRef = 72BE51D5206FE4B400D1BB93 /* ShowPreviewWorker.swift */; };
		72BE51D8207111D400D1BB93 /* UpdateOrientationWorker.swift in Sources */ = {isa = PBXBuildFile; fileRef = 72BE51D7207111D400D1BB93 /* UpdateOrientationWorker.swift */; };
		72BE51DA2071287B00D1BB93 /* CaptureImageWorker.swift in Sources */ = {isa = PBXBuildFile; fileRef = 72BE51D92071287B00D1BB93 /* CaptureImageWorker.swift */; };
		72BE51DC207139D700D1BB93 /* SwitchCamerasWorker.swift in Sources */ = {isa = PBXBuildFile; fileRef = 72BE51DB207139D700D1BB93 /* SwitchCamerasWorker.swift */; };
		72BE51DE20713FA100D1BB93 /* ToggleFlashlightWorker.swift in Sources */ = {isa = PBXBuildFile; fileRef = 72BE51DD20713FA100D1BB93 /* ToggleFlashlightWorker.swift */; };
		72BE51E020714B9E00D1BB93 /* DrawFiltersWorker.swift in Sources */ = {isa = PBXBuildFile; fileRef = 72BE51DF20714B9E00D1BB93 /* DrawFiltersWorker.swift */; };
		B75C710F203ACAD800A97B3D /* AppDelegate.swift in Sources */ = {isa = PBXBuildFile; fileRef = B75C710E203ACAD800A97B3D /* AppDelegate.swift */; };
		B75C7111203ACAD800A97B3D /* RootViewController.swift in Sources */ = {isa = PBXBuildFile; fileRef = B75C7110203ACAD800A97B3D /* RootViewController.swift */; };
		B75C7114203ACAD800A97B3D /* Main.storyboard in Resources */ = {isa = PBXBuildFile; fileRef = B75C7112203ACAD800A97B3D /* Main.storyboard */; };
		B75C7116203ACAD800A97B3D /* Assets.xcassets in Resources */ = {isa = PBXBuildFile; fileRef = B75C7115203ACAD800A97B3D /* Assets.xcassets */; };
		B75C7119203ACAD800A97B3D /* LaunchScreen.storyboard in Resources */ = {isa = PBXBuildFile; fileRef = B75C7117203ACAD800A97B3D /* LaunchScreen.storyboard */; };
		B75C7129203C6FAB00A97B3D /* CameraController.swift in Sources */ = {isa = PBXBuildFile; fileRef = B75C7128203C6FAB00A97B3D /* CameraController.swift */; };
		B7E3045A205D5F1100555B73 /* FiltersCollectionVIew.swift in Sources */ = {isa = PBXBuildFile; fileRef = B7E30459205D5F1100555B73 /* FiltersCollectionVIew.swift */; };
		B7E3045D205D632400555B73 /* FiltersCollectionViewController.swift in Sources */ = {isa = PBXBuildFile; fileRef = B7E3045C205D632400555B73 /* FiltersCollectionViewController.swift */; };
		B7E30460205D654D00555B73 /* FilterCell.swift in Sources */ = {isa = PBXBuildFile; fileRef = B7E3045F205D654D00555B73 /* FilterCell.swift */; };
		B7E30463205D6A3F00555B73 /* HashView.swift in Sources */ = {isa = PBXBuildFile; fileRef = B7E30462205D6A3F00555B73 /* HashView.swift */; };
/* End PBXBuildFile section */

/* Begin PBXFileReference section */
		72BE51C1206FD6C700D1BB93 /* CameraPresenter.swift */ = {isa = PBXFileReference; lastKnownFileType = sourcecode.swift; path = CameraPresenter.swift; sourceTree = "<group>"; };
		72BE51C2206FD6C700D1BB93 /* CameraWorker.swift */ = {isa = PBXFileReference; lastKnownFileType = sourcecode.swift; path = CameraWorker.swift; sourceTree = "<group>"; };
		72BE51C3206FD6C700D1BB93 /* CameraRouter.swift */ = {isa = PBXFileReference; lastKnownFileType = sourcecode.swift; path = CameraRouter.swift; sourceTree = "<group>"; };
		72BE51C4206FD6C700D1BB93 /* CameraModels.swift */ = {isa = PBXFileReference; lastKnownFileType = sourcecode.swift; path = CameraModels.swift; sourceTree = "<group>"; };
		72BE51C5206FD6C700D1BB93 /* CameraViewController.swift */ = {isa = PBXFileReference; lastKnownFileType = sourcecode.swift; path = CameraViewController.swift; sourceTree = "<group>"; };
		72BE51C6206FD6C700D1BB93 /* CameraInteractor.swift */ = {isa = PBXFileReference; lastKnownFileType = sourcecode.swift; path = CameraInteractor.swift; sourceTree = "<group>"; };
		72BE51CF206FD79A00D1BB93 /* CameraConfigurator.swift */ = {isa = PBXFileReference; lastKnownFileType = sourcecode.swift; path = CameraConfigurator.swift; sourceTree = "<group>"; };
		72BE51D2206FDBE000D1BB93 /* UIViewController.swift */ = {isa = PBXFileReference; lastKnownFileType = sourcecode.swift; path = UIViewController.swift; sourceTree = "<group>"; };
		72BE51D5206FE4B400D1BB93 /* ShowPreviewWorker.swift */ = {isa = PBXFileReference; lastKnownFileType = sourcecode.swift; path = ShowPreviewWorker.swift; sourceTree = "<group>"; };
		72BE51D7207111D400D1BB93 /* UpdateOrientationWorker.swift */ = {isa = PBXFileReference; lastKnownFileType = sourcecode.swift; path = UpdateOrientationWorker.swift; sourceTree = "<group>"; };
		72BE51D92071287B00D1BB93 /* CaptureImageWorker.swift */ = {isa = PBXFileReference; lastKnownFileType = sourcecode.swift; path = CaptureImageWorker.swift; sourceTree = "<group>"; };
		72BE51DB207139D700D1BB93 /* SwitchCamerasWorker.swift */ = {isa = PBXFileReference; lastKnownFileType = sourcecode.swift; path = SwitchCamerasWorker.swift; sourceTree = "<group>"; };
		72BE51DD20713FA100D1BB93 /* ToggleFlashlightWorker.swift */ = {isa = PBXFileReference; lastKnownFileType = sourcecode.swift; path = ToggleFlashlightWorker.swift; sourceTree = "<group>"; };
		72BE51DF20714B9E00D1BB93 /* DrawFiltersWorker.swift */ = {isa = PBXFileReference; lastKnownFileType = sourcecode.swift; path = DrawFiltersWorker.swift; sourceTree = "<group>"; };
		B75C710B203ACAD800A97B3D /* PhotoAssistant.app */ = {isa = PBXFileReference; explicitFileType = wrapper.application; includeInIndex = 0; path = PhotoAssistant.app; sourceTree = BUILT_PRODUCTS_DIR; };
		B75C710E203ACAD800A97B3D /* AppDelegate.swift */ = {isa = PBXFileReference; lastKnownFileType = sourcecode.swift; path = AppDelegate.swift; sourceTree = "<group>"; };
		B75C7110203ACAD800A97B3D /* RootViewController.swift */ = {isa = PBXFileReference; lastKnownFileType = sourcecode.swift; path = RootViewController.swift; sourceTree = "<group>"; };
		B75C7113203ACAD800A97B3D /* Base */ = {isa = PBXFileReference; lastKnownFileType = file.storyboard; name = Base; path = Base.lproj/Main.storyboard; sourceTree = "<group>"; };
		B75C7115203ACAD800A97B3D /* Assets.xcassets */ = {isa = PBXFileReference; lastKnownFileType = folder.assetcatalog; path = Assets.xcassets; sourceTree = "<group>"; };
		B75C7118203ACAD800A97B3D /* Base */ = {isa = PBXFileReference; lastKnownFileType = file.storyboard; name = Base; path = Base.lproj/LaunchScreen.storyboard; sourceTree = "<group>"; };
		B75C711A203ACAD800A97B3D /* Info.plist */ = {isa = PBXFileReference; lastKnownFileType = text.plist.xml; path = Info.plist; sourceTree = "<group>"; };
		B75C7128203C6FAB00A97B3D /* CameraController.swift */ = {isa = PBXFileReference; lastKnownFileType = sourcecode.swift; path = CameraController.swift; sourceTree = "<group>"; };
		B7E30459205D5F1100555B73 /* FiltersCollectionVIew.swift */ = {isa = PBXFileReference; lastKnownFileType = sourcecode.swift; path = FiltersCollectionVIew.swift; sourceTree = "<group>"; };
		B7E3045C205D632400555B73 /* FiltersCollectionViewController.swift */ = {isa = PBXFileReference; lastKnownFileType = sourcecode.swift; path = FiltersCollectionViewController.swift; sourceTree = "<group>"; };
		B7E3045F205D654D00555B73 /* FilterCell.swift */ = {isa = PBXFileReference; lastKnownFileType = sourcecode.swift; path = FilterCell.swift; sourceTree = "<group>"; };
		B7E30462205D6A3F00555B73 /* HashView.swift */ = {isa = PBXFileReference; lastKnownFileType = sourcecode.swift; path = HashView.swift; sourceTree = "<group>"; };
/* End PBXFileReference section */

/* Begin PBXFrameworksBuildPhase section */
		B75C7108203ACAD800A97B3D /* Frameworks */ = {
			isa = PBXFrameworksBuildPhase;
			buildActionMask = 2147483647;
			files = (
			);
			runOnlyForDeploymentPostprocessing = 0;
		};
/* End PBXFrameworksBuildPhase section */

/* Begin PBXGroup section */
		72BE51BF206FD6AB00D1BB93 /* Scenes */ = {
			isa = PBXGroup;
			children = (
				72BE51C0206FD6B700D1BB93 /* Camera */,
			);
			name = Scenes;
			path = "New Group";
			sourceTree = "<group>";
		};
		72BE51C0206FD6B700D1BB93 /* Camera */ = {
			isa = PBXGroup;
			children = (
				72BE51CD206FD77200D1BB93 /* Workers */,
				72BE51C1206FD6C700D1BB93 /* CameraPresenter.swift */,
				72BE51C2206FD6C700D1BB93 /* CameraWorker.swift */,
				72BE51C3206FD6C700D1BB93 /* CameraRouter.swift */,
				72BE51C4206FD6C700D1BB93 /* CameraModels.swift */,
				72BE51C5206FD6C700D1BB93 /* CameraViewController.swift */,
				72BE51C6206FD6C700D1BB93 /* CameraInteractor.swift */,
			);
			path = Camera;
			sourceTree = "<group>";
		};
		72BE51CD206FD77200D1BB93 /* Workers */ = {
			isa = PBXGroup;
			children = (
				72BE51CF206FD79A00D1BB93 /* CameraConfigurator.swift */,
				72BE51D5206FE4B400D1BB93 /* ShowPreviewWorker.swift */,
				72BE51D7207111D400D1BB93 /* UpdateOrientationWorker.swift */,
				72BE51D92071287B00D1BB93 /* CaptureImageWorker.swift */,
				72BE51DB207139D700D1BB93 /* SwitchCamerasWorker.swift */,
				72BE51DD20713FA100D1BB93 /* ToggleFlashlightWorker.swift */,
				72BE51DF20714B9E00D1BB93 /* DrawFiltersWorker.swift */,
			);
			path = Workers;
			sourceTree = "<group>";
		};
		72BE51D1206FDBD100D1BB93 /* Extensions */ = {
			isa = PBXGroup;
			children = (
				72BE51D2206FDBE000D1BB93 /* UIViewController.swift */,
			);
			path = Extensions;
			sourceTree = "<group>";
		};
		B75C7102203ACAD800A97B3D = {
			isa = PBXGroup;
			children = (
				B75C710D203ACAD800A97B3D /* PhotoAssistant */,
				B75C710C203ACAD800A97B3D /* Products */,
			);
			sourceTree = "<group>";
		};
		B75C710C203ACAD800A97B3D /* Products */ = {
			isa = PBXGroup;
			children = (
				B75C710B203ACAD800A97B3D /* PhotoAssistant.app */,
			);
			name = Products;
			sourceTree = "<group>";
		};
		B75C710D203ACAD800A97B3D /* PhotoAssistant */ = {
			isa = PBXGroup;
			children = (
				72BE51D1206FDBD100D1BB93 /* Extensions */,
				72BE51BF206FD6AB00D1BB93 /* Scenes */,
				B7E30458205D5E3900555B73 /* UIKit */,
				B75C7120203ACDA900A97B3D /* Application Delegate */,
				B75C7121203ACDC800A97B3D /* Controllers */,
				B75C7123203ACDE400A97B3D /* Storyboards */,
				B75C7124203ACDEE00A97B3D /* Reources */,
				B75C7125203ACDF500A97B3D /* Configuration */,
			);
			path = PhotoAssistant;
			sourceTree = "<group>";
		};
		B75C7120203ACDA900A97B3D /* Application Delegate */ = {
			isa = PBXGroup;
			children = (
				B75C710E203ACAD800A97B3D /* AppDelegate.swift */,
			);
			path = "Application Delegate";
			sourceTree = "<group>";
		};
		B75C7121203ACDC800A97B3D /* Controllers */ = {
			isa = PBXGroup;
			children = (
				B75C7122203ACDD000A97B3D /* RootViewController */,
			);
			path = Controllers;
			sourceTree = "<group>";
		};
		B75C7122203ACDD000A97B3D /* RootViewController */ = {
			isa = PBXGroup;
			children = (
				B75C7110203ACAD800A97B3D /* RootViewController.swift */,
				B75C7128203C6FAB00A97B3D /* CameraController.swift */,
				B7E3045C205D632400555B73 /* FiltersCollectionViewController.swift */,
			);
			path = RootViewController;
			sourceTree = "<group>";
		};
		B75C7123203ACDE400A97B3D /* Storyboards */ = {
			isa = PBXGroup;
			children = (
				B75C7112203ACAD800A97B3D /* Main.storyboard */,
				B75C7117203ACAD800A97B3D /* LaunchScreen.storyboard */,
			);
			path = Storyboards;
			sourceTree = "<group>";
		};
		B75C7124203ACDEE00A97B3D /* Reources */ = {
			isa = PBXGroup;
			children = (
				B75C7115203ACAD800A97B3D /* Assets.xcassets */,
			);
			path = Reources;
			sourceTree = "<group>";
		};
		B75C7125203ACDF500A97B3D /* Configuration */ = {
			isa = PBXGroup;
			children = (
				B75C711A203ACAD800A97B3D /* Info.plist */,
			);
			path = Configuration;
			sourceTree = "<group>";
		};
		B7E30458205D5E3900555B73 /* UIKit */ = {
			isa = PBXGroup;
			children = (
				B7E3045B205D5F1900555B73 /* Collection View */,
			);
			path = UIKit;
			sourceTree = "<group>";
		};
		B7E3045B205D5F1900555B73 /* Collection View */ = {
			isa = PBXGroup;
			children = (
				B7E3045E205D653E00555B73 /* Cells */,
				B7E30459205D5F1100555B73 /* FiltersCollectionVIew.swift */,
			);
			path = "Collection View";
			sourceTree = "<group>";
		};
		B7E3045E205D653E00555B73 /* Cells */ = {
			isa = PBXGroup;
			children = (
				B7E30461205D6A2100555B73 /* Views */,
				B7E3045F205D654D00555B73 /* FilterCell.swift */,
			);
			path = Cells;
			sourceTree = "<group>";
		};
		B7E30461205D6A2100555B73 /* Views */ = {
			isa = PBXGroup;
			children = (
				B7E30462205D6A3F00555B73 /* HashView.swift */,
			);
			path = Views;
			sourceTree = "<group>";
		};
/* End PBXGroup section */

/* Begin PBXNativeTarget section */
		B75C710A203ACAD800A97B3D /* PhotoAssistant */ = {
			isa = PBXNativeTarget;
			buildConfigurationList = B75C711D203ACAD800A97B3D /* Build configuration list for PBXNativeTarget "PhotoAssistant" */;
			buildPhases = (
				B75C7107203ACAD800A97B3D /* Sources */,
				B75C7108203ACAD800A97B3D /* Frameworks */,
				B75C7109203ACAD800A97B3D /* Resources */,
			);
			buildRules = (
			);
			dependencies = (
			);
			name = PhotoAssistant;
			productName = PhotoAssistant;
			productReference = B75C710B203ACAD800A97B3D /* PhotoAssistant.app */;
			productType = "com.apple.product-type.application";
		};
/* End PBXNativeTarget section */

/* Begin PBXProject section */
		B75C7103203ACAD800A97B3D /* Project object */ = {
			isa = PBXProject;
			attributes = {
				LastSwiftUpdateCheck = 0920;
				LastUpgradeCheck = 0920;
				ORGANIZATIONNAME = "Артур Азаров";
				TargetAttributes = {
					B75C710A203ACAD800A97B3D = {
						CreatedOnToolsVersion = 9.2;
						ProvisioningStyle = Automatic;
					};
				};
			};
			buildConfigurationList = B75C7106203ACAD800A97B3D /* Build configuration list for PBXProject "PhotoAssistant" */;
			compatibilityVersion = "Xcode 8.0";
			developmentRegion = en;
			hasScannedForEncodings = 0;
			knownRegions = (
				en,
				Base,
			);
			mainGroup = B75C7102203ACAD800A97B3D;
			productRefGroup = B75C710C203ACAD800A97B3D /* Products */;
			projectDirPath = "";
			projectRoot = "";
			targets = (
				B75C710A203ACAD800A97B3D /* PhotoAssistant */,
			);
		};
/* End PBXProject section */

/* Begin PBXResourcesBuildPhase section */
		B75C7109203ACAD800A97B3D /* Resources */ = {
			isa = PBXResourcesBuildPhase;
			buildActionMask = 2147483647;
			files = (
				B75C7119203ACAD800A97B3D /* LaunchScreen.storyboard in Resources */,
				B75C7116203ACAD800A97B3D /* Assets.xcassets in Resources */,
				B75C7114203ACAD800A97B3D /* Main.storyboard in Resources */,
			);
			runOnlyForDeploymentPostprocessing = 0;
		};
/* End PBXResourcesBuildPhase section */

/* Begin PBXSourcesBuildPhase section */
		B75C7107203ACAD800A97B3D /* Sources */ = {
			isa = PBXSourcesBuildPhase;
			buildActionMask = 2147483647;
			files = (
				72BE51DC207139D700D1BB93 /* SwitchCamerasWorker.swift in Sources */,
				72BE51DE20713FA100D1BB93 /* ToggleFlashlightWorker.swift in Sources */,
				B75C7129203C6FAB00A97B3D /* CameraController.swift in Sources */,
				72BE51C7206FD6C700D1BB93 /* CameraPresenter.swift in Sources */,
				72BE51CA206FD6C700D1BB93 /* CameraModels.swift in Sources */,
				B7E30460205D654D00555B73 /* FilterCell.swift in Sources */,
				72BE51E020714B9E00D1BB93 /* DrawFiltersWorker.swift in Sources */,
				72BE51C9206FD6C700D1BB93 /* CameraRouter.swift in Sources */,
				72BE51CB206FD6C700D1BB93 /* CameraViewController.swift in Sources */,
				B7E30463205D6A3F00555B73 /* HashView.swift in Sources */,
				B75C7111203ACAD800A97B3D /* RootViewController.swift in Sources */,
				B7E3045A205D5F1100555B73 /* FiltersCollectionVIew.swift in Sources */,
				72BE51D0206FD79A00D1BB93 /* CameraConfigurator.swift in Sources */,
				B75C710F203ACAD800A97B3D /* AppDelegate.swift in Sources */,
				72BE51C8206FD6C700D1BB93 /* CameraWorker.swift in Sources */,
				72BE51DA2071287B00D1BB93 /* CaptureImageWorker.swift in Sources */,
				72BE51CC206FD6C700D1BB93 /* CameraInteractor.swift in Sources */,
				72BE51D8207111D400D1BB93 /* UpdateOrientationWorker.swift in Sources */,
				B7E3045D205D632400555B73 /* FiltersCollectionViewController.swift in Sources */,
				72BE51D3206FDBE000D1BB93 /* UIViewController.swift in Sources */,
				72BE51D6206FE4B400D1BB93 /* ShowPreviewWorker.swift in Sources */,
			);
			runOnlyForDeploymentPostprocessing = 0;
		};
/* End PBXSourcesBuildPhase section */

/* Begin PBXVariantGroup section */
		B75C7112203ACAD800A97B3D /* Main.storyboard */ = {
			isa = PBXVariantGroup;
			children = (
				B75C7113203ACAD800A97B3D /* Base */,
			);
			name = Main.storyboard;
			sourceTree = "<group>";
		};
		B75C7117203ACAD800A97B3D /* LaunchScreen.storyboard */ = {
			isa = PBXVariantGroup;
			children = (
				B75C7118203ACAD800A97B3D /* Base */,
			);
			name = LaunchScreen.storyboard;
			sourceTree = "<group>";
		};
/* End PBXVariantGroup section */

/* Begin XCBuildConfiguration section */
		B75C711B203ACAD800A97B3D /* Debug */ = {
			isa = XCBuildConfiguration;
			buildSettings = {
				ALWAYS_SEARCH_USER_PATHS = NO;
				CLANG_ANALYZER_NONNULL = YES;
				CLANG_ANALYZER_NUMBER_OBJECT_CONVERSION = YES_AGGRESSIVE;
				CLANG_CXX_LANGUAGE_STANDARD = "gnu++14";
				CLANG_CXX_LIBRARY = "libc++";
				CLANG_ENABLE_MODULES = YES;
				CLANG_ENABLE_OBJC_ARC = YES;
				CLANG_WARN_BLOCK_CAPTURE_AUTORELEASING = YES;
				CLANG_WARN_BOOL_CONVERSION = YES;
				CLANG_WARN_COMMA = YES;
				CLANG_WARN_CONSTANT_CONVERSION = YES;
				CLANG_WARN_DIRECT_OBJC_ISA_USAGE = YES_ERROR;
				CLANG_WARN_DOCUMENTATION_COMMENTS = YES;
				CLANG_WARN_EMPTY_BODY = YES;
				CLANG_WARN_ENUM_CONVERSION = YES;
				CLANG_WARN_INFINITE_RECURSION = YES;
				CLANG_WARN_INT_CONVERSION = YES;
				CLANG_WARN_NON_LITERAL_NULL_CONVERSION = YES;
				CLANG_WARN_OBJC_LITERAL_CONVERSION = YES;
				CLANG_WARN_OBJC_ROOT_CLASS = YES_ERROR;
				CLANG_WARN_RANGE_LOOP_ANALYSIS = YES;
				CLANG_WARN_STRICT_PROTOTYPES = YES;
				CLANG_WARN_SUSPICIOUS_MOVE = YES;
				CLANG_WARN_UNGUARDED_AVAILABILITY = YES_AGGRESSIVE;
				CLANG_WARN_UNREACHABLE_CODE = YES;
				CLANG_WARN__DUPLICATE_METHOD_MATCH = YES;
				CODE_SIGN_IDENTITY = "iPhone Developer";
				COPY_PHASE_STRIP = NO;
				DEBUG_INFORMATION_FORMAT = dwarf;
				ENABLE_STRICT_OBJC_MSGSEND = YES;
				ENABLE_TESTABILITY = YES;
				GCC_C_LANGUAGE_STANDARD = gnu11;
				GCC_DYNAMIC_NO_PIC = NO;
				GCC_NO_COMMON_BLOCKS = YES;
				GCC_OPTIMIZATION_LEVEL = 0;
				GCC_PREPROCESSOR_DEFINITIONS = (
					"DEBUG=1",
					"$(inherited)",
				);
				GCC_WARN_64_TO_32_BIT_CONVERSION = YES;
				GCC_WARN_ABOUT_RETURN_TYPE = YES_ERROR;
				GCC_WARN_UNDECLARED_SELECTOR = YES;
				GCC_WARN_UNINITIALIZED_AUTOS = YES_AGGRESSIVE;
				GCC_WARN_UNUSED_FUNCTION = YES;
				GCC_WARN_UNUSED_VARIABLE = YES;
				IPHONEOS_DEPLOYMENT_TARGET = 11.2;
				MTL_ENABLE_DEBUG_INFO = YES;
				ONLY_ACTIVE_ARCH = YES;
				SDKROOT = iphoneos;
				SWIFT_ACTIVE_COMPILATION_CONDITIONS = DEBUG;
				SWIFT_OPTIMIZATION_LEVEL = "-Onone";
			};
			name = Debug;
		};
		B75C711C203ACAD800A97B3D /* Release */ = {
			isa = XCBuildConfiguration;
			buildSettings = {
				ALWAYS_SEARCH_USER_PATHS = NO;
				CLANG_ANALYZER_NONNULL = YES;
				CLANG_ANALYZER_NUMBER_OBJECT_CONVERSION = YES_AGGRESSIVE;
				CLANG_CXX_LANGUAGE_STANDARD = "gnu++14";
				CLANG_CXX_LIBRARY = "libc++";
				CLANG_ENABLE_MODULES = YES;
				CLANG_ENABLE_OBJC_ARC = YES;
				CLANG_WARN_BLOCK_CAPTURE_AUTORELEASING = YES;
				CLANG_WARN_BOOL_CONVERSION = YES;
				CLANG_WARN_COMMA = YES;
				CLANG_WARN_CONSTANT_CONVERSION = YES;
				CLANG_WARN_DIRECT_OBJC_ISA_USAGE = YES_ERROR;
				CLANG_WARN_DOCUMENTATION_COMMENTS = YES;
				CLANG_WARN_EMPTY_BODY = YES;
				CLANG_WARN_ENUM_CONVERSION = YES;
				CLANG_WARN_INFINITE_RECURSION = YES;
				CLANG_WARN_INT_CONVERSION = YES;
				CLANG_WARN_NON_LITERAL_NULL_CONVERSION = YES;
				CLANG_WARN_OBJC_LITERAL_CONVERSION = YES;
				CLANG_WARN_OBJC_ROOT_CLASS = YES_ERROR;
				CLANG_WARN_RANGE_LOOP_ANALYSIS = YES;
				CLANG_WARN_STRICT_PROTOTYPES = YES;
				CLANG_WARN_SUSPICIOUS_MOVE = YES;
				CLANG_WARN_UNGUARDED_AVAILABILITY = YES_AGGRESSIVE;
				CLANG_WARN_UNREACHABLE_CODE = YES;
				CLANG_WARN__DUPLICATE_METHOD_MATCH = YES;
				CODE_SIGN_IDENTITY = "iPhone Developer";
				COPY_PHASE_STRIP = NO;
				DEBUG_INFORMATION_FORMAT = "dwarf-with-dsym";
				ENABLE_NS_ASSERTIONS = NO;
				ENABLE_STRICT_OBJC_MSGSEND = YES;
				GCC_C_LANGUAGE_STANDARD = gnu11;
				GCC_NO_COMMON_BLOCKS = YES;
				GCC_WARN_64_TO_32_BIT_CONVERSION = YES;
				GCC_WARN_ABOUT_RETURN_TYPE = YES_ERROR;
				GCC_WARN_UNDECLARED_SELECTOR = YES;
				GCC_WARN_UNINITIALIZED_AUTOS = YES_AGGRESSIVE;
				GCC_WARN_UNUSED_FUNCTION = YES;
				GCC_WARN_UNUSED_VARIABLE = YES;
				IPHONEOS_DEPLOYMENT_TARGET = 11.2;
				MTL_ENABLE_DEBUG_INFO = NO;
				SDKROOT = iphoneos;
				SWIFT_OPTIMIZATION_LEVEL = "-Owholemodule";
				VALIDATE_PRODUCT = YES;
			};
			name = Release;
		};
		B75C711E203ACAD800A97B3D /* Debug */ = {
			isa = XCBuildConfiguration;
			buildSettings = {
				ASSETCATALOG_COMPILER_APPICON_NAME = AppIcon;
				CODE_SIGN_STYLE = Automatic;
				DEVELOPMENT_TEAM = 9YH3LZQ69V;
				INFOPLIST_FILE = "$(SRCROOT)/PhotoAssistant/Configuration/Info.plist";
				LD_RUNPATH_SEARCH_PATHS = "$(inherited) @executable_path/Frameworks";
				PRODUCT_BUNDLE_IDENTIFIER = com.arturazarau.PhotoAssistant;
				PRODUCT_NAME = "$(TARGET_NAME)";
				SWIFT_VERSION = 4.0;
				TARGETED_DEVICE_FAMILY = "1,2";
			};
			name = Debug;
		};
		B75C711F203ACAD800A97B3D /* Release */ = {
			isa = XCBuildConfiguration;
			buildSettings = {
				ASSETCATALOG_COMPILER_APPICON_NAME = AppIcon;
				CODE_SIGN_STYLE = Automatic;
				DEVELOPMENT_TEAM = 9YH3LZQ69V;
				INFOPLIST_FILE = "$(SRCROOT)/PhotoAssistant/Configuration/Info.plist";
				LD_RUNPATH_SEARCH_PATHS = "$(inherited) @executable_path/Frameworks";
				PRODUCT_BUNDLE_IDENTIFIER = com.arturazarau.PhotoAssistant;
				PRODUCT_NAME = "$(TARGET_NAME)";
				SWIFT_VERSION = 4.0;
				TARGETED_DEVICE_FAMILY = "1,2";
			};
			name = Release;
		};
/* End XCBuildConfiguration section */

/* Begin XCConfigurationList section */
		B75C7106203ACAD800A97B3D /* Build configuration list for PBXProject "PhotoAssistant" */ = {
			isa = XCConfigurationList;
			buildConfigurations = (
				B75C711B203ACAD800A97B3D /* Debug */,
				B75C711C203ACAD800A97B3D /* Release */,
			);
			defaultConfigurationIsVisible = 0;
			defaultConfigurationName = Release;
		};
		B75C711D203ACAD800A97B3D /* Build configuration list for PBXNativeTarget "PhotoAssistant" */ = {
			isa = XCConfigurationList;
			buildConfigurations = (
				B75C711E203ACAD800A97B3D /* Debug */,
				B75C711F203ACAD800A97B3D /* Release */,
			);
			defaultConfigurationIsVisible = 0;
			defaultConfigurationName = Release;
		};
/* End XCConfigurationList section */
	};
	rootObject = B75C7103203ACAD800A97B3D /* Project object */;
}
